
Microsoft Visual Studio Solution File, Format Version 12.00
# Visual Studio Version 17
VisualStudioVersion = 17.0.31903.59
MinimumVisualStudioVersion = 10.0.40219.1
Project("{2150E333-8FDC-42A3-9474-1A3956D46DE8}") = "src", "src", "{827E0CD3-B72D-47B6-A68D-7590B98EB39B}"
EndProject
Project("{FAE04EC0-301F-11D3-BF4B-00C04F79EFBC}") = "DemoBookApp.Api", "src\DemoBookApp.Api\DemoBookApp.Api.csproj", "{B471579F-E267-464C-9298-0603F3165B8C}"
EndProject
Project("{FAE04EC0-301F-11D3-BF4B-00C04F79EFBC}") = "DemoBookApp.Application", "src\DemoBookApp.Application\DemoBookApp.Application.csproj", "{9992CEC2-E19A-4B69-96CC-824E5F9C0B70}"
EndProject
Project("{FAE04EC0-301F-11D3-BF4B-00C04F79EFBC}") = "DemoBookApp.Contracts", "src\DemoBookApp.Contracts\DemoBookApp.Contracts.csproj", "{F3408ED9-E337-4B25-930C-F74219708CF6}"
EndProject
Project("{FAE04EC0-301F-11D3-BF4B-00C04F79EFBC}") = "DemoBookApp.Core", "src\DemoBookApp.Core\DemoBookApp.Core.csproj", "{4DB7FCC0-7137-4DBB-B941-92B4E43151C9}"
EndProject
Project("{FAE04EC0-301F-11D3-BF4B-00C04F79EFBC}") = "DemoBookApp.Infrastructure", "src\DemoBookApp.Infrastructure\DemoBookApp.Infrastructure.csproj", "{DCB46913-7C44-4C52-BE54-91AC2F9A461D}"
EndProject
Global
	GlobalSection(SolutionConfigurationPlatforms) = preSolution
		Debug|Any CPU = Debug|Any CPU
		Debug|x64 = Debug|x64
		Debug|x86 = Debug|x86
		Release|Any CPU = Release|Any CPU
		Release|x64 = Release|x64
		Release|x86 = Release|x86
	EndGlobalSection
	GlobalSection(ProjectConfigurationPlatforms) = postSolution
		{B471579F-E267-464C-9298-0603F3165B8C}.Debug|Any CPU.ActiveCfg = Debug|Any CPU
		{B471579F-E267-464C-9298-0603F3165B8C}.Debug|Any CPU.Build.0 = Debug|Any CPU
		{B471579F-E267-464C-9298-0603F3165B8C}.Debug|x64.ActiveCfg = Debug|Any CPU
		{B471579F-E267-464C-9298-0603F3165B8C}.Debug|x64.Build.0 = Debug|Any CPU
		{B471579F-E267-464C-9298-0603F3165B8C}.Debug|x86.ActiveCfg = Debug|Any CPU
		{B471579F-E267-464C-9298-0603F3165B8C}.Debug|x86.Build.0 = Debug|Any CPU
		{B471579F-E267-464C-9298-0603F3165B8C}.Release|Any CPU.ActiveCfg = Release|Any CPU
		{B471579F-E267-464C-9298-0603F3165B8C}.Release|Any CPU.Build.0 = Release|Any CPU
		{B471579F-E267-464C-9298-0603F3165B8C}.Release|x64.ActiveCfg = Release|Any CPU
		{B471579F-E267-464C-9298-0603F3165B8C}.Release|x64.Build.0 = Release|Any CPU
		{B471579F-E267-464C-9298-0603F3165B8C}.Release|x86.ActiveCfg = Release|Any CPU
		{B471579F-E267-464C-9298-0603F3165B8C}.Release|x86.Build.0 = Release|Any CPU
		{9992CEC2-E19A-4B69-96CC-824E5F9C0B70}.Debug|Any CPU.ActiveCfg = Debug|Any CPU
		{9992CEC2-E19A-4B69-96CC-824E5F9C0B70}.Debug|Any CPU.Build.0 = Debug|Any CPU
		{9992CEC2-E19A-4B69-96CC-824E5F9C0B70}.Debug|x64.ActiveCfg = Debug|Any CPU
		{9992CEC2-E19A-4B69-96CC-824E5F9C0B70}.Debug|x64.Build.0 = Debug|Any CPU
		{9992CEC2-E19A-4B69-96CC-824E5F9C0B70}.Debug|x86.ActiveCfg = Debug|Any CPU
		{9992CEC2-E19A-4B69-96CC-824E5F9C0B70}.Debug|x86.Build.0 = Debug|Any CPU
		{9992CEC2-E19A-4B69-96CC-824E5F9C0B70}.Release|Any CPU.ActiveCfg = Release|Any CPU
		{9992CEC2-E19A-4B69-96CC-824E5F9C0B70}.Release|Any CPU.Build.0 = Release|Any CPU
		{9992CEC2-E19A-4B69-96CC-824E5F9C0B70}.Release|x64.ActiveCfg = Release|Any CPU
		{9992CEC2-E19A-4B69-96CC-824E5F9C0B70}.Release|x64.Build.0 = Release|Any CPU
		{9992CEC2-E19A-4B69-96CC-824E5F9C0B70}.Release|x86.ActiveCfg = Release|Any CPU
		{9992CEC2-E19A-4B69-96CC-824E5F9C0B70}.Release|x86.Build.0 = Release|Any CPU
		{F3408ED9-E337-4B25-930C-F74219708CF6}.Debug|Any CPU.ActiveCfg = Debug|Any CPU
		{F3408ED9-E337-4B25-930C-F74219708CF6}.Debug|Any CPU.Build.0 = Debug|Any CPU
		{F3408ED9-E337-4B25-930C-F74219708CF6}.Debug|x64.ActiveCfg = Debug|Any CPU
		{F3408ED9-E337-4B25-930C-F74219708CF6}.Debug|x64.Build.0 = Debug|Any CPU
		{F3408ED9-E337-4B25-930C-F74219708CF6}.Debug|x86.ActiveCfg = Debug|Any CPU
		{F3408ED9-E337-4B25-930C-F74219708CF6}.Debug|x86.Build.0 = Debug|Any CPU
		{F3408ED9-E337-4B25-930C-F74219708CF6}.Release|Any CPU.ActiveCfg = Release|Any CPU
		{F3408ED9-E337-4B25-930C-F74219708CF6}.Release|Any CPU.Build.0 = Release|Any CPU
		{F3408ED9-E337-4B25-930C-F74219708CF6}.Release|x64.ActiveCfg = Release|Any CPU
		{F3408ED9-E337-4B25-930C-F74219708CF6}.Release|x64.Build.0 = Release|Any CPU
		{F3408ED9-E337-4B25-930C-F74219708CF6}.Release|x86.ActiveCfg = Release|Any CPU
		{F3408ED9-E337-4B25-930C-F74219708CF6}.Release|x86.Build.0 = Release|Any CPU
		{4DB7FCC0-7137-4DBB-B941-92B4E43151C9}.Debug|Any CPU.ActiveCfg = Debug|Any CPU
		{4DB7FCC0-7137-4DBB-B941-92B4E43151C9}.Debug|Any CPU.Build.0 = Debug|Any CPU
		{4DB7FCC0-7137-4DBB-B941-92B4E43151C9}.Debug|x64.ActiveCfg = Debug|Any CPU
		{4DB7FCC0-7137-4DBB-B941-92B4E43151C9}.Debug|x64.Build.0 = Debug|Any CPU
		{4DB7FCC0-7137-4DBB-B941-92B4E43151C9}.Debug|x86.ActiveCfg = Debug|Any CPU
		{4DB7FCC0-7137-4DBB-B941-92B4E43151C9}.Debug|x86.Build.0 = Debug|Any CPU
		{4DB7FCC0-7137-4DBB-B941-92B4E43151C9}.Release|Any CPU.ActiveCfg = Release|Any CPU
		{4DB7FCC0-7137-4DBB-B941-92B4E43151C9}.Release|Any CPU.Build.0 = Release|Any CPU
		{4DB7FCC0-7137-4DBB-B941-92B4E43151C9}.Release|x64.ActiveCfg = Release|Any CPU
		{4DB7FCC0-7137-4DBB-B941-92B4E43151C9}.Release|x64.Build.0 = Release|Any CPU
		{4DB7FCC0-7137-4DBB-B941-92B4E43151C9}.Release|x86.ActiveCfg = Release|Any CPU
		{4DB7FCC0-7137-4DBB-B941-92B4E43151C9}.Release|x86.Build.0 = Release|Any CPU
		{DCB46913-7C44-4C52-BE54-91AC2F9A461D}.Debug|Any CPU.ActiveCfg = Debug|Any CPU
		{DCB46913-7C44-4C52-BE54-91AC2F9A461D}.Debug|Any CPU.Build.0 = Debug|Any CPU
		{DCB46913-7C44-4C52-BE54-91AC2F9A461D}.Debug|x64.ActiveCfg = Debug|Any CPU
		{DCB46913-7C44-4C52-BE54-91AC2F9A461D}.Debug|x64.Build.0 = Debug|Any CPU
		{DCB46913-7C44-4C52-BE54-91AC2F9A461D}.Debug|x86.ActiveCfg = Debug|Any CPU
		{DCB46913-7C44-4C52-BE54-91AC2F9A461D}.Debug|x86.Build.0 = Debug|Any CPU
		{DCB46913-7C44-4C52-BE54-91AC2F9A461D}.Release|Any CPU.ActiveCfg = Release|Any CPU
		{DCB46913-7C44-4C52-BE54-91AC2F9A461D}.Release|Any CPU.Build.0 = Release|Any CPU
		{DCB46913-7C44-4C52-BE54-91AC2F9A461D}.Release|x64.ActiveCfg = Release|Any CPU
		{DCB46913-7C44-4C52-BE54-91AC2F9A461D}.Release|x64.Build.0 = Release|Any CPU
		{DCB46913-7C44-4C52-BE54-91AC2F9A461D}.Release|x86.ActiveCfg = Release|Any CPU
		{DCB46913-7C44-4C52-BE54-91AC2F9A461D}.Release|x86.Build.0 = Release|Any CPU
	EndGlobalSection
	GlobalSection(SolutionProperties) = preSolution
		HideSolutionNode = FALSE
	EndGlobalSection
	GlobalSection(NestedProjects) = preSolution
		{B471579F-E267-464C-9298-0603F3165B8C} = {827E0CD3-B72D-47B6-A68D-7590B98EB39B}
		{9992CEC2-E19A-4B69-96CC-824E5F9C0B70} = {827E0CD3-B72D-47B6-A68D-7590B98EB39B}
		{F3408ED9-E337-4B25-930C-F74219708CF6} = {827E0CD3-B72D-47B6-A68D-7590B98EB39B}
		{4DB7FCC0-7137-4DBB-B941-92B4E43151C9} = {827E0CD3-B72D-47B6-A68D-7590B98EB39B}
		{DCB46913-7C44-4C52-BE54-91AC2F9A461D} = {827E0CD3-B72D-47B6-A68D-7590B98EB39B}
	EndGlobalSection
EndGlobal
